# This file is generated by running "yarn install" inside your project.
# Manual changes might be lost - proceed with caution!

__metadata:
  version: 8
  cacheKey: 10c0

"@configdirector/openfeature-server-provider@npm:^1.6.1":
  version: 1.7.0
  resolution: "@configdirector/openfeature-server-provider@npm:1.7.0"
  peerDependencies:
    "@openfeature/server-sdk": ^1.17.1
  checksum: 10c0/5dd5e10bec14cd0c4557c5a87b8eb02818e9b3d0d7a198dea82ef98beff5bd0e1c0df057767d59a72000de7d12fec36872c85a2da4738ceff4091e5a5d444422
  languageName: node
  linkType: hard

"@configdirector/openfeature-server-sample-app@workspace:.":
  version: 0.0.0-use.local
  resolution: "@configdirector/openfeature-server-sample-app@workspace:."
  dependencies:
    "@configdirector/openfeature-server-provider": "npm:^1.6.1"
    "@openfeature/core": "npm:^1.11.0"
    "@openfeature/server-sdk": "npm:^1.22.0"
    "@types/node": "npm:^24.0.0"
    typescript: "npm:~5.9.2"
    vitest: "npm:^5.0.3"
  languageName: unknown
  linkType: soft

"@jridgewell/resolve-uri@npm:^3.1.0":
  version: 3.1.2
  resolution: "@jridgewell/resolve-uri@npm:3.1.2"
  checksum: 10c0/d502e6fb516b35032331406d4e962c21fe77cdf1cbdb49c6142bcbd9e30507094b18972778a6e27cbad756209cfe34b1a27729e6fa08a2eb92b33943f680cf1e
  languageName: node
  linkType: hard

"@jridgewell/sourcemap-codec@npm:^1.4.14, @jridgewell/sourcemap-codec@npm:^1.6.0":
  version: 1.6.0
  resolution: "@jridgewell/sourcemap-codec@npm:1.6.0"
  checksum: 10c0/b5be700e45a775f218589c3466c4ffea630582b4988657652da464e5ab8a7d18bf928ee4fd2363fb346ede4bea9c6ff0bae05a538358c4565ece6199531b5f72
  languageName: node
  linkType: hard

"@jridgewell/trace-mapping@npm:0.3.31":
  version: 0.3.31
  resolution: "@jridgewell/trace-mapping@npm:0.3.31"
  dependencies:
    "@jridgewell/resolve-uri": "npm:^3.1.0"
    "@jridgewell/sourcemap-codec": "npm:^1.4.14"
  checksum: 10c0/4b30ec8cd56c5fd9a661f088230af01e0c1a3888d11ffb6b47639700f71225be21d1f7e168048d6d4f9449207b978a235c07c8f15c07705685d16dc06280e9d9
  languageName: node
  linkType: hard

"@openfeature/core@npm:^1.11.0":
  version: 1.11.0
  resolution: "@openfeature/core@npm:1.11.0"
  checksum: 10c0/3432b9570efbcb0ecd796586a7d88b8c606b3b992ec1596aaf1705d63d0ea4dc210749ba331c4a83e9f48782fc628f36320f57e25bcd1cf924d46bd831d5a302
  languageName: node
  linkType: hard

"@openfeature/server-sdk@npm:^1.22.0":
  version: 1.22.0
  resolution: "@openfeature/server-sdk@npm:1.22.0"
  peerDependencies:
    "@openfeature/core": ^1.11.0
  checksum: 10c0/678a3b472f76ec01628e85eb8b6575a4d94880d74ed99d1859c04048b05bc97d53427ec7a438d96a13f4676e0687ba52ff93583fe9cb02ea4e9e75591d996437
  languageName: node
  linkType: hard

"@types/chai@npm:^5.2.2":
  version: 5.2.3
  resolution: "@types/chai@npm:5.2.3"
  dependencies:
    "@types/deep-eql": "npm:*"
    assertion-error: "npm:^2.0.1"
  checksum: 10c0/e0ef1de3b6f8045a5e473e867c8565788c444271409d155588504840ad1a53611011f85072188c2833941189400228c1745d78323dac13fcede9c2b28bacfb2f
  languageName: node
  linkType: hard

"@types/deep-eql@npm:*":
  version: 4.0.2
  resolution: "@types/deep-eql@npm:4.0.2"
  checksum: 10c0/bf3f811843117900d7084b9d0c852da9a044d12eb40e6de73b552598a6843c21291a8a381b0532644574beecd5e3491c5ff3a0365ab86b15d59862c025384844
  languageName: node
  linkType: hard

"@types/estree@npm:^1.0.0":
  version: 1.0.9
  resolution: "@types/estree@npm:1.0.9"
  checksum: 10c0/3ad3286ca2988cd550dafb8f2ad599c8474868e954fa601a36655bdfefd8039f7c714b8c1c7f2ae219ffbd58bd4660e66fa7479a0120fc02d4777057d4865387
  languageName: node
  linkType: hard

"@types/node@npm:^24.0.0":
  version: 24.13.3
  resolution: "@types/node@npm:24.13.3"
  dependencies:
    undici-types: "npm:~7.18.0"
  checksum: 10c0/a5bc08f49b9581dcdca90e02cd77197a3c799840807664942e5cd5161a553d4d2ae8064f7e3294410d748d7d098b5c1848be7fa50c06f29c4193ab16be4e59eb
  languageName: node
  linkType: hard

"@vitest/mocker@npm:5.0.3":
  version: 5.0.3
  resolution: "@vitest/mocker@npm:5.0.3"
  dependencies:
    "@jridgewell/trace-mapping": "npm:0.3.31"
    "@vitest/spy": "npm:5.0.3"
    estree-walker: "npm:^3.0.3"
    magic-string: "npm:^1.2.3"
  peerDependencies:
    msw: ^2.4.9
    vite: ^6.0.0 || ^7.0.0 || ^8.0.0
  peerDependenciesMeta:
    msw:
      optional: true
    vite:
      optional: true
  checksum: 10c0/fb8cc5a03f647bfc742943e6bb287625792ec20ecde9c8664547e07ca368f92809211d78b5be8c87fc0cb8f0ff747f420f6fc8b87ac42a550e37bec4923390c5
  languageName: node
  linkType: hard

"@vitest/spy@npm:5.0.3":
  version: 5.0.3
  resolution: "@vitest/spy@npm:5.0.3"
  checksum: 10c0/4ab0efc522b370a553682b5dce2730e0d5b8959313d62485f580851cb25bdec3c14f8f624ba621cdec92d3af8767ac2bc7fbc9e360c1b38025f527cceac676c4
  languageName: node
  linkType: hard

"assertion-error@npm:^2.0.1":
  version: 2.0.1
  resolution: "assertion-error@npm:2.0.1"
  checksum: 10c0/bbbcb117ac6480138f8c93cf7f535614282dea9dc828f540cdece85e3c665e8f78958b96afac52f29ff883c72638e6a87d469ecc9fe5bc902df03ed24a55dba8
  languageName: node
  linkType: hard

"chai@npm:^6.2.2":
  version: 6.3.0
  resolution: "chai@npm:6.3.0"
  checksum: 10c0/fd1bf7fc41295ba1eba18a44d68e204b3cb11b79c9ad51fd071de3ee85323c20d94afc07a386f1f5ff44a5da4a116614d419fc44a2d459e4b5b574aef9af4431
  languageName: node
  linkType: hard

"es-module-lexer@npm:^2.3.2":
  version: 2.3.2
  resolution: "es-module-lexer@npm:2.3.2"
  checksum: 10c0/5e7389424c43478439f12f9a6aca1750f6f99afa384fc3de329f4a45f152ab156671055008adaafc74960877abf8cc338aeebf6bed8c21297b146fd6eb7a22f8
  languageName: node
  linkType: hard

"estree-walker@npm:^3.0.3":
  version: 3.0.3
  resolution: "estree-walker@npm:3.0.3"
  dependencies:
    "@types/estree": "npm:^1.0.0"
  checksum: 10c0/c12e3c2b2642d2bcae7d5aa495c60fa2f299160946535763969a1c83fc74518ffa9c2cd3a8b69ac56aea547df6a8aac25f729a342992ef0bbac5f1c73e78995d
  languageName: node
  linkType: hard

"expect-type@npm:^1.4.0":
  version: 1.4.0
  resolution: "expect-type@npm:1.4.0"
  checksum: 10c0/d40d76b8570695d36587beb3cc28494da2ca3ec8f04e67f5622ed2d372d850e401a9adef19c6835e1a8173903f157c79540b34c7b3fbd7cd8ce726cc903c57b7
  languageName: node
  linkType: hard

"fdir@npm:^6.5.0":
  version: 6.5.0
  resolution: "fdir@npm:6.5.0"
  peerDependencies:
    picomatch: ^3 || ^4
  peerDependenciesMeta:
    picomatch:
      optional: true
  checksum: 10c0/e345083c4306b3aed6cb8ec551e26c36bab5c511e99ea4576a16750ddc8d3240e63826cc624f5ae17ad4dc82e68a253213b60d556c11bfad064b7607847ed07f
  languageName: node
  linkType: hard

"magic-string@npm:^1.2.3":
  version: 1.4.2
  resolution: "magic-string@npm:1.4.2"
  dependencies:
    "@jridgewell/sourcemap-codec": "npm:^1.6.0"
  checksum: 10c0/d3e222c202f99ec4861e7316f473f9b1cfe335ebdf38d4f67335f842f3fe248f01ee00fd3e1a8206bcbe9855e0c41515d7c210300d8fcf6eefbb982d79e423c6
  languageName: node
  linkType: hard

"obug@npm:^2.1.4":
  version: 2.2.1
  resolution: "obug@npm:2.2.1"
  checksum: 10c0/8a7c001847d880fa6ba83c7bbee6a80fd271ee628439cd508c8647d53b217abb1759e2d5e4aaeb09a35d0a274bdb225a0a5a78eded3213d63e656153cf411b63
  languageName: node
  linkType: hard

"picomatch@npm:^4.0.4, picomatch@npm:^4.0.7":
  version: 4.0.7
  resolution: "picomatch@npm:4.0.7"
  checksum: 10c0/beb6ae02c43ae44e84883b90830196d9046b1726ead292adcf7f57945e0bb0d992d68563d87e03b484b6f3c9a5c6defda7523477f047d7f0e663f126cc01787f
  languageName: node
  linkType: hard

"std-env@npm:^4.2.0":
  version: 4.3.0
  resolution: "std-env@npm:4.3.0"
  checksum: 10c0/1e90dc69f32f853375c6de45dbe7219c8399e2a3ab3a972fdcd1cf3c20fe0e3c13bf58d57d6193b551d37a81c50dfb3f51e07774e9e48a7dc5a22dabcad7acbd
  languageName: node
  linkType: hard

"tinybench@npm:^6.1.4":
  version: 6.2.0
  resolution: "tinybench@npm:6.2.0"
  checksum: 10c0/ae821428f0412324611d449290f8497c886c94f04bad8e19aa9b3a5060b4802e738c49f9eb493e4fd17e4d5e792290565e5079be647df1995aea731c82363815
  languageName: node
  linkType: hard

"tinyexec@npm:^1.3.0":
  version: 1.3.1
  resolution: "tinyexec@npm:1.3.1"
  checksum: 10c0/c590369cb3fa73cc18a3998caec8a00f9712d91309c881be3ac52b160fb2f80c7b1fbf3591858ab6abab47ad55385b0c86ec19982e32441a01f55298dab9ccd2
  languageName: node
  linkType: hard

"tinyglobby@npm:^0.2.17":
  version: 0.2.17
  resolution: "tinyglobby@npm:0.2.17"
  dependencies:
    fdir: "npm:^6.5.0"
    picomatch: "npm:^4.0.4"
  checksum: 10c0/7f7bb0f197c88bc4b20c231e0deca4240ca3bf313a88f5a7fee93a872b84966a4d50220947c0455ad07a60b3b360961c5b7fd979222aeb716a9f99b412002e4c
  languageName: node
  linkType: hard

"typescript@npm:~5.9.2":
  version: 5.9.3
  resolution: "typescript@npm:5.9.3"
  bin:
    tsc: bin/tsc
    tsserver: bin/tsserver
  checksum: 10c0/6bd7552ce39f97e711db5aa048f6f9995b53f1c52f7d8667c1abdc1700c68a76a308f579cd309ce6b53646deb4e9a1be7c813a93baaf0a28ccd536a30270e1c5
  languageName: node
  linkType: hard

"typescript@patch:typescript@npm%3A~5.9.2#optional!builtin<compat/typescript>":
  version: 5.9.3
  resolution: "typescript@patch:typescript@npm%3A5.9.3#optional!builtin<compat/typescript>::version=5.9.3&hash=5786d5"
  bin:
    tsc: bin/tsc
    tsserver: bin/tsserver
  checksum: 10c0/ad09fdf7a756814dce65bc60c1657b40d44451346858eea230e10f2e95a289d9183b6e32e5c11e95acc0ccc214b4f36289dcad4bf1886b0adb84d711d336a430
  languageName: node
  linkType: hard

"undici-types@npm:~7.18.0":
  version: 7.18.2
  resolution: "undici-types@npm:7.18.2"
  checksum: 10c0/85a79189113a238959d7a647368e4f7c5559c3a404ebdb8fc4488145ce9426fcd82252a844a302798dfc0e37e6fb178ff481ed03bc4caf634c5757d9ef43521d
  languageName: node
  linkType: hard

"vitest@npm:^5.0.3":
  version: 5.0.3
  resolution: "vitest@npm:5.0.3"
  dependencies:
    "@types/chai": "npm:^5.2.2"
    "@vitest/mocker": "npm:5.0.3"
    chai: "npm:^6.2.2"
    es-module-lexer: "npm:^2.3.2"
    expect-type: "npm:^1.4.0"
    magic-string: "npm:^1.2.3"
    obug: "npm:^2.1.4"
    picomatch: "npm:^4.0.7"
    std-env: "npm:^4.2.0"
    tinybench: "npm:^6.1.4"
    tinyexec: "npm:^1.3.0"
    tinyglobby: "npm:^0.2.17"
    why-is-node-running: "npm:3.2.1"
  peerDependencies:
    "@edge-runtime/vm": "*"
    "@opentelemetry/api": ^1.9.0
    "@types/node": ^22.0.0 || >=24.0.0
    "@vitest/browser-playwright": 5.0.3
    "@vitest/browser-preview": 5.0.3
    "@vitest/browser-webdriverio": ^5.0.0-beta.5 || >=5.0.0
    "@vitest/coverage-istanbul": 5.0.3
    "@vitest/coverage-v8": 5.0.3
    "@vitest/ui": 5.0.3
    happy-dom: "*"
    jsdom: "*"
    vite: ^6.4.0 || ^7.0.0 || ^8.0.0
  peerDependenciesMeta:
    "@edge-runtime/vm":
      optional: true
    "@opentelemetry/api":
      optional: true
    "@types/node":
      optional: true
    "@vitest/browser-playwright":
      optional: true
    "@vitest/browser-preview":
      optional: true
    "@vitest/browser-webdriverio":
      optional: true
    "@vitest/coverage-istanbul":
      optional: true
    "@vitest/coverage-v8":
      optional: true
    "@vitest/ui":
      optional: true
    happy-dom:
      optional: true
    jsdom:
      optional: true
    vite:
      optional: false
  bin:
    vitest: ./vitest.mjs
  checksum: 10c0/eaafd4f1fac2c52f4609d8af8de20668a2140883cd19f79d991fd0a85f2774d099ba6973c0ef65b6a5aa320f6fd62ff7f9a60b1e9d5bc7e4b89dc914e65003d2
  languageName: node
  linkType: hard

"why-is-node-running@npm:3.2.1":
  version: 3.2.1
  resolution: "why-is-node-running@npm:3.2.1"
  bin:
    why-is-node-running: cli.js
  checksum: 10c0/e3f82673aac2c0a330fdbcf4b282ecdf7e9c773fa82fb4217db5b8b3d374cbb51e708d928f5b17999bc65bc1a5a90fad0f6bd794641bd15fdd525949ccee5e39
  languageName: node
  linkType: hard
